
Microsoft Visual Studio Solution File, Format Version 12.00
# Visual Studio Version 17
VisualStudioVersion = 17.0.31903.59
MinimumVisualStudioVersion = 10.0.40219.1
Project("{F2A71F9B-5D33-465A-A702-920D77279786}") = "PhoneBookLibrary", "PhoneBookLibrary\PhoneBookLibrary.fsproj", "{E84860DD-3668-48C5-A70D-3B462B25C5BF}"
EndProject
Project("{F2A71F9B-5D33-465A-A702-920D77279786}") = "PhoneBookConsoleApp", "PhoneBookConsoleApp\PhoneBookConsoleApp.fsproj", "{14AE34E9-9B90-463F-BB81-14A29F68AF7C}"
EndProject
Project("{F2A71F9B-5D33-465A-A702-920D77279786}") = "PhoneBookTests", "PhoneBookTests\PhoneBookTests.fsproj", "{3D0F7D83-39E9-4FD2-9F1E-FFE49635CDA1}"
EndProject
Global
	GlobalSection(SolutionConfigurationPlatforms) = preSolution
		Debug|Any CPU = Debug|Any CPU
		Debug|x64 = Debug|x64
		Debug|x86 = Debug|x86
		Release|Any CPU = Release|Any CPU
		Release|x64 = Release|x64
		Release|x86 = Release|x86
	EndGlobalSection
	GlobalSection(ProjectConfigurationPlatforms) = postSolution
		{E84860DD-3668-48C5-A70D-3B462B25C5BF}.Debug|Any CPU.ActiveCfg = Debug|Any CPU
		{E84860DD-3668-48C5-A70D-3B462B25C5BF}.Debug|Any CPU.Build.0 = Debug|Any CPU
		{E84860DD-3668-48C5-A70D-3B462B25C5BF}.Debug|x64.ActiveCfg = Debug|Any CPU
		{E84860DD-3668-48C5-A70D-3B462B25C5BF}.Debug|x64.Build.0 = Debug|Any CPU
		{E84860DD-3668-48C5-A70D-3B462B25C5BF}.Debug|x86.ActiveCfg = Debug|Any CPU
		{E84860DD-3668-48C5-A70D-3B462B25C5BF}.Debug|x86.Build.0 = Debug|Any CPU
		{E84860DD-3668-48C5-A70D-3B462B25C5BF}.Release|Any CPU.ActiveCfg = Release|Any CPU
		{E84860DD-3668-48C5-A70D-3B462B25C5BF}.Release|Any CPU.Build.0 = Release|Any CPU
		{E84860DD-3668-48C5-A70D-3B462B25C5BF}.Release|x64.ActiveCfg = Release|Any CPU
		{E84860DD-3668-48C5-A70D-3B462B25C5BF}.Release|x64.Build.0 = Release|Any CPU
		{E84860DD-3668-48C5-A70D-3B462B25C5BF}.Release|x86.ActiveCfg = Release|Any CPU
		{E84860DD-3668-48C5-A70D-3B462B25C5BF}.Release|x86.Build.0 = Release|Any CPU
		{14AE34E9-9B90-463F-BB81-14A29F68AF7C}.Debug|Any CPU.ActiveCfg = Debug|Any CPU
		{14AE34E9-9B90-463F-BB81-14A29F68AF7C}.Debug|Any CPU.Build.0 = Debug|Any CPU
		{14AE34E9-9B90-463F-BB81-14A29F68AF7C}.Debug|x64.ActiveCfg = Debug|Any CPU
		{14AE34E9-9B90-463F-BB81-14A29F68AF7C}.Debug|x64.Build.0 = Debug|Any CPU
		{14AE34E9-9B90-463F-BB81-14A29F68AF7C}.Debug|x86.ActiveCfg = Debug|Any CPU
		{14AE34E9-9B90-463F-BB81-14A29F68AF7C}.Debug|x86.Build.0 = Debug|Any CPU
		{14AE34E9-9B90-463F-BB81-14A29F68AF7C}.Release|Any CPU.ActiveCfg = Release|Any CPU
		{14AE34E9-9B90-463F-BB81-14A29F68AF7C}.Release|Any CPU.Build.0 = Release|Any CPU
		{14AE34E9-9B90-463F-BB81-14A29F68AF7C}.Release|x64.ActiveCfg = Release|Any CPU
		{14AE34E9-9B90-463F-BB81-14A29F68AF7C}.Release|x64.Build.0 = Release|Any CPU
		{14AE34E9-9B90-463F-BB81-14A29F68AF7C}.Release|x86.ActiveCfg = Release|Any CPU
		{14AE34E9-9B90-463F-BB81-14A29F68AF7C}.Release|x86.Build.0 = Release|Any CPU
		{3D0F7D83-39E9-4FD2-9F1E-FFE49635CDA1}.Debug|Any CPU.ActiveCfg = Debug|Any CPU
		{3D0F7D83-39E9-4FD2-9F1E-FFE49635CDA1}.Debug|Any CPU.Build.0 = Debug|Any CPU
		{3D0F7D83-39E9-4FD2-9F1E-FFE49635CDA1}.Debug|x64.ActiveCfg = Debug|Any CPU
		{3D0F7D83-39E9-4FD2-9F1E-FFE49635CDA1}.Debug|x64.Build.0 = Debug|Any CPU
		{3D0F7D83-39E9-4FD2-9F1E-FFE49635CDA1}.Debug|x86.ActiveCfg = Debug|Any CPU
		{3D0F7D83-39E9-4FD2-9F1E-FFE49635CDA1}.Debug|x86.Build.0 = Debug|Any CPU
		{3D0F7D83-39E9-4FD2-9F1E-FFE49635CDA1}.Release|Any CPU.ActiveCfg = Release|Any CPU
		{3D0F7D83-39E9-4FD2-9F1E-FFE49635CDA1}.Release|Any CPU.Build.0 = Release|Any CPU
		{3D0F7D83-39E9-4FD2-9F1E-FFE49635CDA1}.Release|x64.ActiveCfg = Release|Any CPU
		{3D0F7D83-39E9-4FD2-9F1E-FFE49635CDA1}.Release|x64.Build.0 = Release|Any CPU
		{3D0F7D83-39E9-4FD2-9F1E-FFE49635CDA1}.Release|x86.ActiveCfg = Release|Any CPU
		{3D0F7D83-39E9-4FD2-9F1E-FFE49635CDA1}.Release|x86.Build.0 = Release|Any CPU
	EndGlobalSection
	GlobalSection(SolutionProperties) = preSolution
		HideSolutionNode = FALSE
	EndGlobalSection
EndGlobal
