
Microsoft Visual Studio Solution File, Format Version 12.00
# Visual Studio Version 17
VisualStudioVersion = 17.0.31903.59
MinimumVisualStudioVersion = 10.0.40219.1
Project("{F2A71F9B-5D33-465A-A702-920D77279786}") = "NumberSearch", "NumberSearch\NumberSearch.fsproj", "{16BF47A4-9529-4578-BB72-EE6CFF833DAB}"
EndProject
Project("{F2A71F9B-5D33-465A-A702-920D77279786}") = "NumberSearchTests", "NumberSearchTests\NumberSearchTests.fsproj", "{442354C0-C1D6-473D-8C87-A06F649AD29B}"
EndProject
Global
	GlobalSection(SolutionConfigurationPlatforms) = preSolution
		Debug|Any CPU = Debug|Any CPU
		Debug|x64 = Debug|x64
		Debug|x86 = Debug|x86
		Release|Any CPU = Release|Any CPU
		Release|x64 = Release|x64
		Release|x86 = Release|x86
	EndGlobalSection
	GlobalSection(ProjectConfigurationPlatforms) = postSolution
		{16BF47A4-9529-4578-BB72-EE6CFF833DAB}.Debug|Any CPU.ActiveCfg = Debug|Any CPU
		{16BF47A4-9529-4578-BB72-EE6CFF833DAB}.Debug|Any CPU.Build.0 = Debug|Any CPU
		{16BF47A4-9529-4578-BB72-EE6CFF833DAB}.Debug|x64.ActiveCfg = Debug|Any CPU
		{16BF47A4-9529-4578-BB72-EE6CFF833DAB}.Debug|x64.Build.0 = Debug|Any CPU
		{16BF47A4-9529-4578-BB72-EE6CFF833DAB}.Debug|x86.ActiveCfg = Debug|Any CPU
		{16BF47A4-9529-4578-BB72-EE6CFF833DAB}.Debug|x86.Build.0 = Debug|Any CPU
		{16BF47A4-9529-4578-BB72-EE6CFF833DAB}.Release|Any CPU.ActiveCfg = Release|Any CPU
		{16BF47A4-9529-4578-BB72-EE6CFF833DAB}.Release|Any CPU.Build.0 = Release|Any CPU
		{16BF47A4-9529-4578-BB72-EE6CFF833DAB}.Release|x64.ActiveCfg = Release|Any CPU
		{16BF47A4-9529-4578-BB72-EE6CFF833DAB}.Release|x64.Build.0 = Release|Any CPU
		{16BF47A4-9529-4578-BB72-EE6CFF833DAB}.Release|x86.ActiveCfg = Release|Any CPU
		{16BF47A4-9529-4578-BB72-EE6CFF833DAB}.Release|x86.Build.0 = Release|Any CPU
		{442354C0-C1D6-473D-8C87-A06F649AD29B}.Debug|Any CPU.ActiveCfg = Debug|Any CPU
		{442354C0-C1D6-473D-8C87-A06F649AD29B}.Debug|Any CPU.Build.0 = Debug|Any CPU
		{442354C0-C1D6-473D-8C87-A06F649AD29B}.Debug|x64.ActiveCfg = Debug|Any CPU
		{442354C0-C1D6-473D-8C87-A06F649AD29B}.Debug|x64.Build.0 = Debug|Any CPU
		{442354C0-C1D6-473D-8C87-A06F649AD29B}.Debug|x86.ActiveCfg = Debug|Any CPU
		{442354C0-C1D6-473D-8C87-A06F649AD29B}.Debug|x86.Build.0 = Debug|Any CPU
		{442354C0-C1D6-473D-8C87-A06F649AD29B}.Release|Any CPU.ActiveCfg = Release|Any CPU
		{442354C0-C1D6-473D-8C87-A06F649AD29B}.Release|Any CPU.Build.0 = Release|Any CPU
		{442354C0-C1D6-473D-8C87-A06F649AD29B}.Release|x64.ActiveCfg = Release|Any CPU
		{442354C0-C1D6-473D-8C87-A06F649AD29B}.Release|x64.Build.0 = Release|Any CPU
		{442354C0-C1D6-473D-8C87-A06F649AD29B}.Release|x86.ActiveCfg = Release|Any CPU
		{442354C0-C1D6-473D-8C87-A06F649AD29B}.Release|x86.Build.0 = Release|Any CPU
	EndGlobalSection
	GlobalSection(SolutionProperties) = preSolution
		HideSolutionNode = FALSE
	EndGlobalSection
EndGlobal
